// !$*UTF8*$!
{
	archiveVersion = 1;
	classes = {
	};
	objectVersion = 50;
	objects = {

/* Begin PBXBuildFile section */
		D0E4E5AA251AD9F900F7A7F2 /* AppDelegate.swift in Sources */ = {isa = PBXBuildFile; fileRef = D0E4E5A9251AD9F900F7A7F2 /* AppDelegate.swift */; };
		D0E4E5AC251AD9F900F7A7F2 /* SceneDelegate.swift in Sources */ = {isa = PBXBuildFile; fileRef = D0E4E5AB251AD9F900F7A7F2 /* SceneDelegate.swift */; };
		D0E4E5AE251AD9F900F7A7F2 /* ViewController.swift in Sources */ = {isa = PBXBuildFile; fileRef = D0E4E5AD251AD9F900F7A7F2 /* ViewController.swift */; };
		D0E4E5B1251AD9F900F7A7F2 /* Main.storyboard in Resources */ = {isa = PBXBuildFile; fileRef = D0E4E5AF251AD9F900F7A7F2 /* Main.storyboard */; };
		D0E4E5B3251AD9FA00F7A7F2 /* Assets.xcassets in Resources */ = {isa = PBXBuildFile; fileRef = D0E4E5B2251AD9FA00F7A7F2 /* Assets.xcassets */; };
		D0E4E5B6251AD9FA00F7A7F2 /* LaunchScreen.storyboard in Resources */ = {isa = PBXBuildFile; fileRef = D0E4E5B4251AD9FA00F7A7F2 /* LaunchScreen.storyboard */; };
		D0E4E5C1251AD9FA00F7A7F2 /* JishoTests.swift in Sources */ = {isa = PBXBuildFile; fileRef = D0E4E5C0251AD9FA00F7A7F2 /* JishoTests.swift */; };
		D0E4E5CC251AD9FA00F7A7F2 /* JishoUITests.swift in Sources */ = {isa = PBXBuildFile; fileRef = D0E4E5CB251AD9FA00F7A7F2 /* JishoUITests.swift */; };
/* End PBXBuildFile section */

/* Begin PBXContainerItemProxy section */
		D0E4E5BD251AD9FA00F7A7F2 /* PBXContainerItemProxy */ = {
			isa = PBXContainerItemProxy;
			containerPortal = D0E4E59E251AD9F900F7A7F2 /* Project object */;
			proxyType = 1;
			remoteGlobalIDString = D0E4E5A5251AD9F900F7A7F2;
			remoteInfo = Jisho;
		};
		D0E4E5C8251AD9FA00F7A7F2 /* PBXContainerItemProxy */ = {
			isa = PBXContainerItemProxy;
			containerPortal = D0E4E59E251AD9F900F7A7F2 /* Project object */;
			proxyType = 1;
			remoteGlobalIDString = D0E4E5A5251AD9F900F7A7F2;
			remoteInfo = Jisho;
		};
/* End PBXContainerItemProxy section */

/* Begin PBXFileReference section */
		D0E4E5A6251AD9F900F7A7F2 /* Jisho.app */ = {isa = PBXFileReference; explicitFileType = wrapper.application; includeInIndex = 0; path = Jisho.app; sourceTree = BUILT_PRODUCTS_DIR; };
		D0E4E5A9251AD9F900F7A7F2 /* AppDelegate.swift */ = {isa = PBXFileReference; lastKnownFileType = sourcecode.swift; path = AppDelegate.swift; sourceTree = "<group>"; };
		D0E4E5AB251AD9F900F7A7F2 /* SceneDelegate.swift */ = {isa = PBXFileReference; lastKnownFileType = sourcecode.swift; path = SceneDelegate.swift; sourceTree = "<group>"; };
		D0E4E5AD251AD9F900F7A7F2 /* ViewController.swift */ = {isa = PBXFileReference; lastKnownFileType = sourcecode.swift; path = ViewController.swift; sourceTree = "<group>"; };
		D0E4E5B0251AD9F900F7A7F2 /* Base */ = {isa = PBXFileReference; lastKnownFileType = file.storyboard; name = Base; path = Base.lproj/Main.storyboard; sourceTree = "<group>"; };
		D0E4E5B2251AD9FA00F7A7F2 /* Assets.xcassets */ = {isa = PBXFileReference; lastKnownFileType = folder.assetcatalog; path = Assets.xcassets; sourceTree = "<group>"; };
		D0E4E5B5251AD9FA00F7A7F2 /* Base */ = {isa = PBXFileReference; lastKnownFileType = file.storyboard; name = Base; path = Base.lproj/LaunchScreen.storyboard; sourceTree = "<group>"; };
		D0E4E5B7251AD9FA00F7A7F2 /* Info.plist */ = {isa = PBXFileReference; lastKnownFileType = text.plist.xml; path = Info.plist; sourceTree = "<group>"; };
		D0E4E5BC251AD9FA00F7A7F2 /* JishoTests.xctest */ = {isa = PBXFileReference; explicitFileType = wrapper.cfbundle; includeInIndex = 0; path = JishoTests.xctest; sourceTree = BUILT_PRODUCTS_DIR; };
		D0E4E5C0251AD9FA00F7A7F2 /* JishoTests.swift */ = {isa = PBXFileReference; lastKnownFileType = sourcecode.swift; path = JishoTests.swift; sourceTree = "<group>"; };
		D0E4E5C2251AD9FA00F7A7F2 /* Info.plist */ = {isa = PBXFileReference; lastKnownFileType = text.plist.xml; path = Info.plist; sourceTree = "<group>"; };
		D0E4E5C7251AD9FA00F7A7F2 /* JishoUITests.xctest */ = {isa = PBXFileReference; explicitFileType = wrapper.cfbundle; includeInIndex = 0; path = JishoUITests.xctest; sourceTree = BUILT_PRODUCTS_DIR; };
		D0E4E5CB251AD9FA00F7A7F2 /* JishoUITests.swift */ = {isa = PBXFileReference; lastKnownFileType = sourcecode.swift; path = JishoUITests.swift; sourceTree = "<group>"; };
		D0E4E5CD251AD9FA00F7A7F2 /* Info.plist */ = {isa = PBXFileReference; lastKnownFileType = text.plist.xml; path = Info.plist; sourceTree = "<group>"; };
/* End PBXFileReference section */

/* Begin PBXFrameworksBuildPhase section */
		D0E4E5A3251AD9F900F7A7F2 /* Frameworks */ = {
			isa = PBXFrameworksBuildPhase;
			buildActionMask = 2147483647;
			files = (
			);
			runOnlyForDeploymentPostprocessing = 0;
		};
		D0E4E5B9251AD9FA00F7A7F2 /* Frameworks */ = {
			isa = PBXFrameworksBuildPhase;
			buildActionMask = 2147483647;
			files = (
			);
			runOnlyForDeploymentPostprocessing = 0;
		};
		D0E4E5C4251AD9FA00F7A7F2 /* Frameworks */ = {
			isa = PBXFrameworksBuildPhase;
			buildActionMask = 2147483647;
			files = (
			);
			runOnlyForDeploymentPostprocessing = 0;
		};
/* End PBXFrameworksBuildPhase section */

/* Begin PBXGroup section */
		D0E4E59D251AD9F900F7A7F2 = {
			isa = PBXGroup;
			children = (
				D0E4E5A8251AD9F900F7A7F2 /* Jisho */,
				D0E4E5BF251AD9FA00F7A7F2 /* JishoTests */,
				D0E4E5CA251AD9FA00F7A7F2 /* JishoUITests */,
				D0E4E5A7251AD9F900F7A7F2 /* Products */,
			);
			sourceTree = "<group>";
		};
		D0E4E5A7251AD9F900F7A7F2 /* Products */ = {
			isa = PBXGroup;
			children = (
				D0E4E5A6251AD9F900F7A7F2 /* Jisho.app */,
				D0E4E5BC251AD9FA00F7A7F2 /* JishoTests.xctest */,
				D0E4E5C7251AD9FA00F7A7F2 /* JishoUITests.xctest */,
			);
			name = Products;
			sourceTree = "<group>";
		};
		D0E4E5A8251AD9F900F7A7F2 /* Jisho */ = {
			isa = PBXGroup;
			children = (
				D0E4E5A9251AD9F900F7A7F2 /* AppDelegate.swift */,
				D0E4E5AB251AD9F900F7A7F2 /* SceneDelegate.swift */,
				D0E4E5AD251AD9F900F7A7F2 /* ViewController.swift */,
				D0E4E5AF251AD9F900F7A7F2 /* Main.storyboard */,
				D0E4E5B2251AD9FA00F7A7F2 /* Assets.xcassets */,
				D0E4E5B4251AD9FA00F7A7F2 /* LaunchScreen.storyboard */,
				D0E4E5B7251AD9FA00F7A7F2 /* Info.plist */,
			);
			path = Jisho;
			sourceTree = "<group>";
		};
		D0E4E5BF251AD9FA00F7A7F2 /* JishoTests */ = {
			isa = PBXGroup;
			children = (
				D0E4E5C0251AD9FA00F7A7F2 /* JishoTests.swift */,
				D0E4E5C2251AD9FA00F7A7F2 /* Info.plist */,
			);
			path = JishoTests;
			sourceTree = "<group>";
		};
		D0E4E5CA251AD9FA00F7A7F2 /* JishoUITests */ = {
			isa = PBXGroup;
			children = (
				D0E4E5CB251AD9FA00F7A7F2 /* JishoUITests.swift */,
				D0E4E5CD251AD9FA00F7A7F2 /* Info.plist */,
			);
			path = JishoUITests;
			sourceTree = "<group>";
		};
/* End PBXGroup section */

/* Begin PBXNativeTarget section */
		D0E4E5A5251AD9F900F7A7F2 /* Jisho */ = {
			isa = PBXNativeTarget;
			buildConfigurationList = D0E4E5D0251AD9FA00F7A7F2 /* Build configuration list for PBXNativeTarget "Jisho" */;
			buildPhases = (
				D0E4E5A2251AD9F900F7A7F2 /* Sources */,
				D0E4E5A3251AD9F900F7A7F2 /* Frameworks */,
				D0E4E5A4251AD9F900F7A7F2 /* Resources */,
			);
			buildRules = (
			);
			dependencies = (
			);
			name = Jisho;
			productName = Jisho;
			productReference = D0E4E5A6251AD9F900F7A7F2 /* Jisho.app */;
			productType = "com.apple.product-type.application";
		};
		D0E4E5BB251AD9FA00F7A7F2 /* JishoTests */ = {
			isa = PBXNativeTarget;
			buildConfigurationList = D0E4E5D3251AD9FA00F7A7F2 /* Build configuration list for PBXNativeTarget "JishoTests" */;
			buildPhases = (
				D0E4E5B8251AD9FA00F7A7F2 /* Sources */,
				D0E4E5B9251AD9FA00F7A7F2 /* Frameworks */,
				D0E4E5BA251AD9FA00F7A7F2 /* Resources */,
			);
			buildRules = (
			);
			dependencies = (
				D0E4E5BE251AD9FA00F7A7F2 /* PBXTargetDependency */,
			);
			name = JishoTests;
			productName = JishoTests;
			productReference = D0E4E5BC251AD9FA00F7A7F2 /* JishoTests.xctest */;
			productType = "com.apple.product-type.bundle.unit-test";
		};
		D0E4E5C6251AD9FA00F7A7F2 /* JishoUITests */ = {
			isa = PBXNativeTarget;
			buildConfigurationList = D0E4E5D6251AD9FA00F7A7F2 /* Build configuration list for PBXNativeTarget "JishoUITests" */;
			buildPhases = (
				D0E4E5C3251AD9FA00F7A7F2 /* Sources */,
				D0E4E5C4251AD9FA00F7A7F2 /* Frameworks */,
				D0E4E5C5251AD9FA00F7A7F2 /* Resources */,
			);
			buildRules = (
			);
			dependencies = (
				D0E4E5C9251AD9FA00F7A7F2 /* PBXTargetDependency */,
			);
			name = JishoUITests;
			productName = JishoUITests;
			productReference = D0E4E5C7251AD9FA00F7A7F2 /* JishoUITests.xctest */;
			productType = "com.apple.product-type.bundle.ui-testing";
		};
/* End PBXNativeTarget section */

/* Begin PBXProject section */
		D0E4E59E251AD9F900F7A7F2 /* Project object */ = {
			isa = PBXProject;
			attributes = {
				LastSwiftUpdateCheck = 1130;
				LastUpgradeCheck = 1130;
				ORGANIZATIONNAME = "Nathan Reline";
				TargetAttributes = {
					D0E4E5A5251AD9F900F7A7F2 = {
						CreatedOnToolsVersion = 11.3.1;
					};
					D0E4E5BB251AD9FA00F7A7F2 = {
						CreatedOnToolsVersion = 11.3.1;
						TestTargetID = D0E4E5A5251AD9F900F7A7F2;
					};
					D0E4E5C6251AD9FA00F7A7F2 = {
						CreatedOnToolsVersion = 11.3.1;
						TestTargetID = D0E4E5A5251AD9F900F7A7F2;
					};
				};
			};
			buildConfigurationList = D0E4E5A1251AD9F900F7A7F2 /* Build configuration list for PBXProject "Jisho" */;
			compatibilityVersion = "Xcode 9.3";
			developmentRegion = en;
			hasScannedForEncodings = 0;
			knownRegions = (
				en,
				Base,
			);
			mainGroup = D0E4E59D251AD9F900F7A7F2;
			productRefGroup = D0E4E5A7251AD9F900F7A7F2 /* Products */;
			projectDirPath = "";
			projectRoot = "";
			targets = (
				D0E4E5A5251AD9F900F7A7F2 /* Jisho */,
				D0E4E5BB251AD9FA00F7A7F2 /* JishoTests */,
				D0E4E5C6251AD9FA00F7A7F2 /* JishoUITests */,
			);
		};
/* End PBXProject section */

/* Begin PBXResourcesBuildPhase section */
		D0E4E5A4251AD9F900F7A7F2 /* Resources */ = {
			isa = PBXResourcesBuildPhase;
			buildActionMask = 2147483647;
			files = (
				D0E4E5B6251AD9FA00F7A7F2 /* LaunchScreen.storyboard in Resources */,
				D0E4E5B3251AD9FA00F7A7F2 /* Assets.xcassets in Resources */,
				D0E4E5B1251AD9F900F7A7F2 /* Main.storyboard in Resources */,
			);
			runOnlyForDeploymentPostprocessing = 0;
		};
		D0E4E5BA251AD9FA00F7A7F2 /* Resources */ = {
			isa = PBXResourcesBuildPhase;
			buildActionMask = 2147483647;
			files = (
			);
			runOnlyForDeploymentPostprocessing = 0;
		};
		D0E4E5C5251AD9FA00F7A7F2 /* Resources */ = {
			isa = PBXResourcesBuildPhase;
			buildActionMask = 2147483647;
			files = (
			);
			runOnlyForDeploymentPostprocessing = 0;
		};
/* End PBXResourcesBuildPhase section */

/* Begin PBXSourcesBuildPhase section */
		D0E4E5A2251AD9F900F7A7F2 /* Sources */ = {
			isa = PBXSourcesBuildPhase;
			buildActionMask = 2147483647;
			files = (
				D0E4E5AE251AD9F900F7A7F2 /* ViewController.swift in Sources */,
				D0E4E5AA251AD9F900F7A7F2 /* AppDelegate.swift in Sources */,
				D0E4E5AC251AD9F900F7A7F2 /* SceneDelegate.swift in Sources */,
			);
			runOnlyForDeploymentPostprocessing = 0;
		};
		D0E4E5B8251AD9FA00F7A7F2 /* Sources */ = {
			isa = PBXSourcesBuildPhase;
			buildActionMask = 2147483647;
			files = (
				D0E4E5C1251AD9FA00F7A7F2 /* JishoTests.swift in Sources */,
			);
			runOnlyForDeploymentPostprocessing = 0;
		};
		D0E4E5C3251AD9FA00F7A7F2 /* Sources */ = {
			isa = PBXSourcesBuildPhase;
			buildActionMask = 2147483647;
			files = (
				D0E4E5CC251AD9FA00F7A7F2 /* JishoUITests.swift in Sources */,
			);
			runOnlyForDeploymentPostprocessing = 0;
		};
/* End PBXSourcesBuildPhase section */

/* Begin PBXTargetDependency section */
		D0E4E5BE251AD9FA00F7A7F2 /* PBXTargetDependency */ = {
			isa = PBXTargetDependency;
			target = D0E4E5A5251AD9F900F7A7F2 /* Jisho */;
			targetProxy = D0E4E5BD251AD9FA00F7A7F2 /* PBXContainerItemProxy */;
		};
		D0E4E5C9251AD9FA00F7A7F2 /* PBXTargetDependency */ = {
			isa = PBXTargetDependency;
			target = D0E4E5A5251AD9F900F7A7F2 /* Jisho */;
			targetProxy = D0E4E5C8251AD9FA00F7A7F2 /* PBXContainerItemProxy */;
		};
/* End PBXTargetDependency section */

/* Begin PBXVariantGroup section */
		D0E4E5AF251AD9F900F7A7F2 /* Main.storyboard */ = {
			isa = PBXVariantGroup;
			children = (
				D0E4E5B0251AD9F900F7A7F2 /* Base */,
			);
			name = Main.storyboard;
			sourceTree = "<group>";
		};
		D0E4E5B4251AD9FA00F7A7F2 /* LaunchScreen.storyboard */ = {
			isa = PBXVariantGroup;
			children = (
				D0E4E5B5251AD9FA00F7A7F2 /* Base */,
			);
			name = LaunchScreen.storyboard;
			sourceTree = "<group>";
		};
/* End PBXVariantGroup section */

/* Begin XCBuildConfiguration section */
		D0E4E5CE251AD9FA00F7A7F2 /* Debug */ = {
			isa = XCBuildConfiguration;
			buildSettings = {
				ALWAYS_SEARCH_USER_PATHS = NO;
				CLANG_ANALYZER_NONNULL = YES;
				CLANG_ANALYZER_NUMBER_OBJECT_CONVERSION = YES_AGGRESSIVE;
				CLANG_CXX_LANGUAGE_STANDARD = "gnu++14";
				CLANG_CXX_LIBRARY = "libc++";
				CLANG_ENABLE_MODULES = YES;
				CLANG_ENABLE_OBJC_ARC = YES;
				CLANG_ENABLE_OBJC_WEAK = YES;
				CLANG_WARN_BLOCK_CAPTURE_AUTORELEASING = YES;
				CLANG_WARN_BOOL_CONVERSION = YES;
				CLANG_WARN_COMMA = YES;
				CLANG_WARN_CONSTANT_CONVERSION = YES;
				CLANG_WARN_DEPRECATED_OBJC_IMPLEMENTATIONS = YES;
				CLANG_WARN_DIRECT_OBJC_ISA_USAGE = YES_ERROR;
				CLANG_WARN_DOCUMENTATION_COMMENTS = YES;
				CLANG_WARN_EMPTY_BODY = YES;
				CLANG_WARN_ENUM_CONVERSION = YES;
				CLANG_WARN_INFINITE_RECURSION = YES;
				CLANG_WARN_INT_CONVERSION = YES;
				CLANG_WARN_NON_LITERAL_NULL_CONVERSION = YES;
				CLANG_WARN_OBJC_IMPLICIT_RETAIN_SELF = YES;
				CLANG_WARN_OBJC_LITERAL_CONVERSION = YES;
				CLANG_WARN_OBJC_ROOT_CLASS = YES_ERROR;
				CLANG_WARN_RANGE_LOOP_ANALYSIS = YES;
				CLANG_WARN_STRICT_PROTOTYPES = YES;
				CLANG_WARN_SUSPICIOUS_MOVE = YES;
				CLANG_WARN_UNGUARDED_AVAILABILITY = YES_AGGRESSIVE;
				CLANG_WARN_UNREACHABLE_CODE = YES;
				CLANG_WARN__DUPLICATE_METHOD_MATCH = YES;
				COPY_PHASE_STRIP = NO;
				DEBUG_INFORMATION_FORMAT = dwarf;
				ENABLE_STRICT_OBJC_MSGSEND = YES;
				ENABLE_TESTABILITY = YES;
				GCC_C_LANGUAGE_STANDARD = gnu11;
				GCC_DYNAMIC_NO_PIC = NO;
				GCC_NO_COMMON_BLOCKS = YES;
				GCC_OPTIMIZATION_LEVEL = 0;
				GCC_PREPROCESSOR_DEFINITIONS = (
					"DEBUG=1",
					"$(inherited)",
				);
				GCC_WARN_64_TO_32_BIT_CONVERSION = YES;
				GCC_WARN_ABOUT_RETURN_TYPE = YES_ERROR;
				GCC_WARN_UNDECLARED_SELECTOR = YES;
				GCC_WARN_UNINITIALIZED_AUTOS = YES_AGGRESSIVE;
				GCC_WARN_UNUSED_FUNCTION = YES;
				GCC_WARN_UNUSED_VARIABLE = YES;
				IPHONEOS_DEPLOYMENT_TARGET = 13.2;
				MTL_ENABLE_DEBUG_INFO = INCLUDE_SOURCE;
				MTL_FAST_MATH = YES;
				ONLY_ACTIVE_ARCH = YES;
				SDKROOT = iphoneos;
				SWIFT_ACTIVE_COMPILATION_CONDITIONS = DEBUG;
				SWIFT_OPTIMIZATION_LEVEL = "-Onone";
			};
			name = Debug;
		};
		D0E4E5CF251AD9FA00F7A7F2 /* Release */ = {
			isa = XCBuildConfiguration;
			buildSettings = {
				ALWAYS_SEARCH_USER_PATHS = NO;
				CLANG_ANALYZER_NONNULL = YES;
				CLANG_ANALYZER_NUMBER_OBJECT_CONVERSION = YES_AGGRESSIVE;
				CLANG_CXX_LANGUAGE_STANDARD = "gnu++14";
				CLANG_CXX_LIBRARY = "libc++";
				CLANG_ENABLE_MODULES = YES;
				CLANG_ENABLE_OBJC_ARC = YES;
				CLANG_ENABLE_OBJC_WEAK = YES;
				CLANG_WARN_BLOCK_CAPTURE_AUTORELEASING = YES;
				CLANG_WARN_BOOL_CONVERSION = YES;
				CLANG_WARN_COMMA = YES;
				CLANG_WARN_CONSTANT_CONVERSION = YES;
				CLANG_WARN_DEPRECATED_OBJC_IMPLEMENTATIONS = YES;
				CLANG_WARN_DIRECT_OBJC_ISA_USAGE = YES_ERROR;
				CLANG_WARN_DOCUMENTATION_COMMENTS = YES;
				CLANG_WARN_EMPTY_BODY = YES;
				CLANG_WARN_ENUM_CONVERSION = YES;
				CLANG_WARN_INFINITE_RECURSION = YES;
				CLANG_WARN_INT_CONVERSION = YES;
				CLANG_WARN_NON_LITERAL_NULL_CONVERSION = YES;
				CLANG_WARN_OBJC_IMPLICIT_RETAIN_SELF = YES;
				CLANG_WARN_OBJC_LITERAL_CONVERSION = YES;
				CLANG_WARN_OBJC_ROOT_CLASS = YES_ERROR;
				CLANG_WARN_RANGE_LOOP_ANALYSIS = YES;
				CLANG_WARN_STRICT_PROTOTYPES = YES;
				CLANG_WARN_SUSPICIOUS_MOVE = YES;
				CLANG_WARN_UNGUARDED_AVAILABILITY = YES_AGGRESSIVE;
				CLANG_WARN_UNREACHABLE_CODE = YES;
				CLANG_WARN__DUPLICATE_METHOD_MATCH = YES;
				COPY_PHASE_STRIP = NO;
				DEBUG_INFORMATION_FORMAT = "dwarf-with-dsym";
				ENABLE_NS_ASSERTIONS = NO;
				ENABLE_STRICT_OBJC_MSGSEND = YES;
				GCC_C_LANGUAGE_STANDARD = gnu11;
				GCC_NO_COMMON_BLOCKS = YES;
				GCC_WARN_64_TO_32_BIT_CONVERSION = YES;
				GCC_WARN_ABOUT_RETURN_TYPE = YES_ERROR;
				GCC_WARN_UNDECLARED_SELECTOR = YES;
				GCC_WARN_UNINITIALIZED_AUTOS = YES_AGGRESSIVE;
				GCC_WARN_UNUSED_FUNCTION = YES;
				GCC_WARN_UNUSED_VARIABLE = YES;
				IPHONEOS_DEPLOYMENT_TARGET = 13.2;
				MTL_ENABLE_DEBUG_INFO = NO;
				MTL_FAST_MATH = YES;
				SDKROOT = iphoneos;
				SWIFT_COMPILATION_MODE = wholemodule;
				SWIFT_OPTIMIZATION_LEVEL = "-O";
				VALIDATE_PRODUCT = YES;
			};
			name = Release;
		};
		D0E4E5D1251AD9FA00F7A7F2 /* Debug */ = {
			isa = XCBuildConfiguration;
			buildSettings = {
				ASSETCATALOG_COMPILER_APPICON_NAME = AppIcon;
				CODE_SIGN_STYLE = Automatic;
				DEVELOPMENT_TEAM = G3C9J8WZX8;
				INFOPLIST_FILE = Jisho/Info.plist;
				LD_RUNPATH_SEARCH_PATHS = (
					"$(inherited)",
					"@executable_path/Frameworks",
				);
				PRODUCT_BUNDLE_IDENTIFIER = com.github.reline.Jisho;
				PRODUCT_NAME = "$(TARGET_NAME)";
				SWIFT_VERSION = 5.0;
				TARGETED_DEVICE_FAMILY = "1,2";
			};
			name = Debug;
		};
		D0E4E5D2251AD9FA00F7A7F2 /* Release */ = {
			isa = XCBuildConfiguration;
			buildSettings = {
				ASSETCATALOG_COMPILER_APPICON_NAME = AppIcon;
				CODE_SIGN_STYLE = Automatic;
				DEVELOPMENT_TEAM = G3C9J8WZX8;
				INFOPLIST_FILE = Jisho/Info.plist;
				LD_RUNPATH_SEARCH_PATHS = (
					"$(inherited)",
					"@executable_path/Frameworks",
				);
				PRODUCT_BUNDLE_IDENTIFIER = com.github.reline.Jisho;
				PRODUCT_NAME = "$(TARGET_NAME)";
				SWIFT_VERSION = 5.0;
				TARGETED_DEVICE_FAMILY = "1,2";
			};
			name = Release;
		};
		D0E4E5D4251AD9FA00F7A7F2 /* Debug */ = {
			isa = XCBuildConfiguration;
			buildSettings = {
				ALWAYS_EMBED_SWIFT_STANDARD_LIBRARIES = YES;
				BUNDLE_LOADER = "$(TEST_HOST)";
				CODE_SIGN_STYLE = Automatic;
				DEVELOPMENT_TEAM = G3C9J8WZX8;
				INFOPLIST_FILE = JishoTests/Info.plist;
				IPHONEOS_DEPLOYMENT_TARGET = 13.2;
				LD_RUNPATH_SEARCH_PATHS = (
					"$(inherited)",
					"@executable_path/Frameworks",
					"@loader_path/Frameworks",
				);
				PRODUCT_BUNDLE_IDENTIFIER = com.github.reline.JishoTests;
				PRODUCT_NAME = "$(TARGET_NAME)";
				SWIFT_VERSION = 5.0;
				TARGETED_DEVICE_FAMILY = "1,2";
				TEST_HOST = "$(BUILT_PRODUCTS_DIR)/Jisho.app/Jisho";
			};
			name = Debug;
		};
		D0E4E5D5251AD9FA00F7A7F2 /* Release */ = {
			isa = XCBuildConfiguration;
			buildSettings = {
				ALWAYS_EMBED_SWIFT_STANDARD_LIBRARIES = YES;
				BUNDLE_LOADER = "$(TEST_HOST)";
				CODE_SIGN_STYLE = Automatic;
				DEVELOPMENT_TEAM = G3C9J8WZX8;
				INFOPLIST_FILE = JishoTests/Info.plist;
				IPHONEOS_DEPLOYMENT_TARGET = 13.2;
				LD_RUNPATH_SEARCH_PATHS = (
					"$(inherited)",
					"@executable_path/Frameworks",
					"@loader_path/Frameworks",
				);
				PRODUCT_BUNDLE_IDENTIFIER = com.github.reline.JishoTests;
				PRODUCT_NAME = "$(TARGET_NAME)";
				SWIFT_VERSION = 5.0;
				TARGETED_DEVICE_FAMILY = "1,2";
				TEST_HOST = "$(BUILT_PRODUCTS_DIR)/Jisho.app/Jisho";
			};
			name = Release;
		};
		D0E4E5D7251AD9FA00F7A7F2 /* Debug */ = {
			isa = XCBuildConfiguration;
			buildSettings = {
				ALWAYS_EMBED_SWIFT_STANDARD_LIBRARIES = YES;
				CODE_SIGN_STYLE = Automatic;
				DEVELOPMENT_TEAM = G3C9J8WZX8;
				INFOPLIST_FILE = JishoUITests/Info.plist;
				LD_RUNPATH_SEARCH_PATHS = (
					"$(inherited)",
					"@executable_path/Frameworks",
					"@loader_path/Frameworks",
				);
				PRODUCT_BUNDLE_IDENTIFIER = com.github.reline.JishoUITests;
				PRODUCT_NAME = "$(TARGET_NAME)";
				SWIFT_VERSION = 5.0;
				TARGETED_DEVICE_FAMILY = "1,2";
				TEST_TARGET_NAME = Jisho;
			};
			name = Debug;
		};
		D0E4E5D8251AD9FA00F7A7F2 /* Release */ = {
			isa = XCBuildConfiguration;
			buildSettings = {
				ALWAYS_EMBED_SWIFT_STANDARD_LIBRARIES = YES;
				CODE_SIGN_STYLE = Automatic;
				DEVELOPMENT_TEAM = G3C9J8WZX8;
				INFOPLIST_FILE = JishoUITests/Info.plist;
				LD_RUNPATH_SEARCH_PATHS = (
					"$(inherited)",
					"@executable_path/Frameworks",
					"@loader_path/Frameworks",
				);
				PRODUCT_BUNDLE_IDENTIFIER = com.github.reline.JishoUITests;
				PRODUCT_NAME = "$(TARGET_NAME)";
				SWIFT_VERSION = 5.0;
				TARGETED_DEVICE_FAMILY = "1,2";
				TEST_TARGET_NAME = Jisho;
			};
			name = Release;
		};
/* End XCBuildConfiguration section */

/* Begin XCConfigurationList section */
		D0E4E5A1251AD9F900F7A7F2 /* Build configuration list for PBXProject "Jisho" */ = {
			isa = XCConfigurationList;
			buildConfigurations = (
				D0E4E5CE251AD9FA00F7A7F2 /* Debug */,
				D0E4E5CF251AD9FA00F7A7F2 /* Release */,
			);
			defaultConfigurationIsVisible = 0;
			defaultConfigurationName = Release;
		};
		D0E4E5D0251AD9FA00F7A7F2 /* Build configuration list for PBXNativeTarget "Jisho" */ = {
			isa = XCConfigurationList;
			buildConfigurations = (
				D0E4E5D1251AD9FA00F7A7F2 /* Debug */,
				D0E4E5D2251AD9FA00F7A7F2 /* Release */,
			);
			defaultConfigurationIsVisible = 0;
			defaultConfigurationName = Release;
		};
		D0E4E5D3251AD9FA00F7A7F2 /* Build configuration list for PBXNativeTarget "JishoTests" */ = {
			isa = XCConfigurationList;
			buildConfigurations = (
				D0E4E5D4251AD9FA00F7A7F2 /* Debug */,
				D0E4E5D5251AD9FA00F7A7F2 /* Release */,
			);
			defaultConfigurationIsVisible = 0;
			defaultConfigurationName = Release;
		};
		D0E4E5D6251AD9FA00F7A7F2 /* Build configuration list for PBXNativeTarget "JishoUITests" */ = {
			isa = XCConfigurationList;
			buildConfigurations = (
				D0E4E5D7251AD9FA00F7A7F2 /* Debug */,
				D0E4E5D8251AD9FA00F7A7F2 /* Release */,
			);
			defaultConfigurationIsVisible = 0;
			defaultConfigurationName = Release;
		};
/* End XCConfigurationList section */
	};
	rootObject = D0E4E59E251AD9F900F7A7F2 /* Project object */;
}
