// !$*UTF8*$!
{
	archiveVersion = 1;
	classes = {
	};
	objectVersion = 50;
	objects = {

/* Begin PBXBuildFile section */
		D0C292AD242D94C10016A297 /* common.framework in Frameworks */ = {isa = PBXBuildFile; fileRef = D0C292AC242D94C10016A297 /* common.framework */; };
		D0C292AE242D94C10016A297 /* common.framework in Embed Frameworks */ = {isa = PBXBuildFile; fileRef = D0C292AC242D94C10016A297 /* common.framework */; settings = {ATTRIBUTES = (CodeSignOnCopy, RemoveHeadersOnCopy, ); }; };
		D0D8DE4E242C508700D1488D /* AppDelegate.swift in Sources */ = {isa = PBXBuildFile; fileRef = D0D8DE4D242C508700D1488D /* AppDelegate.swift */; };
		D0D8DE50242C508700D1488D /* SceneDelegate.swift in Sources */ = {isa = PBXBuildFile; fileRef = D0D8DE4F242C508700D1488D /* SceneDelegate.swift */; };
		D0D8DE52242C508700D1488D /* ContentView.swift in Sources */ = {isa = PBXBuildFile; fileRef = D0D8DE51242C508700D1488D /* ContentView.swift */; };
		D0D8DE54242C508800D1488D /* Assets.xcassets in Resources */ = {isa = PBXBuildFile; fileRef = D0D8DE53242C508800D1488D /* Assets.xcassets */; };
		D0D8DE57242C508800D1488D /* Preview Assets.xcassets in Resources */ = {isa = PBXBuildFile; fileRef = D0D8DE56242C508800D1488D /* Preview Assets.xcassets */; };
		D0D8DE5A242C508800D1488D /* LaunchScreen.storyboard in Resources */ = {isa = PBXBuildFile; fileRef = D0D8DE58242C508800D1488D /* LaunchScreen.storyboard */; };
		D0D8DE65242C508900D1488D /* JishoTests.swift in Sources */ = {isa = PBXBuildFile; fileRef = D0D8DE64242C508900D1488D /* JishoTests.swift */; };
		D0D8DE70242C508900D1488D /* JishoUITests.swift in Sources */ = {isa = PBXBuildFile; fileRef = D0D8DE6F242C508900D1488D /* JishoUITests.swift */; };
/* End PBXBuildFile section */

/* Begin PBXContainerItemProxy section */
		D0D8DE61242C508900D1488D /* PBXContainerItemProxy */ = {
			isa = PBXContainerItemProxy;
			containerPortal = D0D8DE42242C508700D1488D /* Project object */;
			proxyType = 1;
			remoteGlobalIDString = D0D8DE49242C508700D1488D;
			remoteInfo = Jisho;
		};
		D0D8DE6C242C508900D1488D /* PBXContainerItemProxy */ = {
			isa = PBXContainerItemProxy;
			containerPortal = D0D8DE42242C508700D1488D /* Project object */;
			proxyType = 1;
			remoteGlobalIDString = D0D8DE49242C508700D1488D;
			remoteInfo = Jisho;
		};
/* End PBXContainerItemProxy section */

/* Begin PBXCopyFilesBuildPhase section */
		D0C292AF242D94C10016A297 /* Embed Frameworks */ = {
			isa = PBXCopyFilesBuildPhase;
			buildActionMask = 2147483647;
			dstPath = "";
			dstSubfolderSpec = 10;
			files = (
				D0C292AE242D94C10016A297 /* common.framework in Embed Frameworks */,
			);
			name = "Embed Frameworks";
			runOnlyForDeploymentPostprocessing = 0;
		};
/* End PBXCopyFilesBuildPhase section */

/* Begin PBXFileReference section */
		D0C292AC242D94C10016A297 /* common.framework */ = {isa = PBXFileReference; lastKnownFileType = wrapper.framework; name = common.framework; path = "../common/build/xcode-frameworks/common.framework"; sourceTree = "<group>"; };
		D0D8DE4A242C508700D1488D /* Jisho.app */ = {isa = PBXFileReference; explicitFileType = wrapper.application; includeInIndex = 0; path = Jisho.app; sourceTree = BUILT_PRODUCTS_DIR; };
		D0D8DE4D242C508700D1488D /* AppDelegate.swift */ = {isa = PBXFileReference; lastKnownFileType = sourcecode.swift; path = AppDelegate.swift; sourceTree = "<group>"; };
		D0D8DE4F242C508700D1488D /* SceneDelegate.swift */ = {isa = PBXFileReference; lastKnownFileType = sourcecode.swift; path = SceneDelegate.swift; sourceTree = "<group>"; };
		D0D8DE51242C508700D1488D /* ContentView.swift */ = {isa = PBXFileReference; lastKnownFileType = sourcecode.swift; path = ContentView.swift; sourceTree = "<group>"; };
		D0D8DE53242C508800D1488D /* Assets.xcassets */ = {isa = PBXFileReference; lastKnownFileType = folder.assetcatalog; path = Assets.xcassets; sourceTree = "<group>"; };
		D0D8DE56242C508800D1488D /* Preview Assets.xcassets */ = {isa = PBXFileReference; lastKnownFileType = folder.assetcatalog; path = "Preview Assets.xcassets"; sourceTree = "<group>"; };
		D0D8DE59242C508800D1488D /* Base */ = {isa = PBXFileReference; lastKnownFileType = file.storyboard; name = Base; path = Base.lproj/LaunchScreen.storyboard; sourceTree = "<group>"; };
		D0D8DE5B242C508800D1488D /* Info.plist */ = {isa = PBXFileReference; lastKnownFileType = text.plist.xml; path = Info.plist; sourceTree = "<group>"; };
		D0D8DE60242C508900D1488D /* JishoTests.xctest */ = {isa = PBXFileReference; explicitFileType = wrapper.cfbundle; includeInIndex = 0; path = JishoTests.xctest; sourceTree = BUILT_PRODUCTS_DIR; };
		D0D8DE64242C508900D1488D /* JishoTests.swift */ = {isa = PBXFileReference; lastKnownFileType = sourcecode.swift; path = JishoTests.swift; sourceTree = "<group>"; };
		D0D8DE66242C508900D1488D /* Info.plist */ = {isa = PBXFileReference; lastKnownFileType = text.plist.xml; path = Info.plist; sourceTree = "<group>"; };
		D0D8DE6B242C508900D1488D /* JishoUITests.xctest */ = {isa = PBXFileReference; explicitFileType = wrapper.cfbundle; includeInIndex = 0; path = JishoUITests.xctest; sourceTree = BUILT_PRODUCTS_DIR; };
		D0D8DE6F242C508900D1488D /* JishoUITests.swift */ = {isa = PBXFileReference; lastKnownFileType = sourcecode.swift; path = JishoUITests.swift; sourceTree = "<group>"; };
		D0D8DE71242C508900D1488D /* Info.plist */ = {isa = PBXFileReference; lastKnownFileType = text.plist.xml; path = Info.plist; sourceTree = "<group>"; };
/* End PBXFileReference section */

/* Begin PBXFrameworksBuildPhase section */
		D0D8DE47242C508700D1488D /* Frameworks */ = {
			isa = PBXFrameworksBuildPhase;
			buildActionMask = 2147483647;
			files = (
				D0C292AD242D94C10016A297 /* common.framework in Frameworks */,
			);
			runOnlyForDeploymentPostprocessing = 0;
		};
		D0D8DE5D242C508900D1488D /* Frameworks */ = {
			isa = PBXFrameworksBuildPhase;
			buildActionMask = 2147483647;
			files = (
			);
			runOnlyForDeploymentPostprocessing = 0;
		};
		D0D8DE68242C508900D1488D /* Frameworks */ = {
			isa = PBXFrameworksBuildPhase;
			buildActionMask = 2147483647;
			files = (
			);
			runOnlyForDeploymentPostprocessing = 0;
		};
/* End PBXFrameworksBuildPhase section */

/* Begin PBXGroup section */
		D0C292AB242D94C10016A297 /* Frameworks */ = {
			isa = PBXGroup;
			children = (
				D0C292AC242D94C10016A297 /* common.framework */,
			);
			name = Frameworks;
			sourceTree = "<group>";
		};
		D0D8DE41242C508700D1488D = {
			isa = PBXGroup;
			children = (
				D0D8DE4C242C508700D1488D /* Jisho */,
				D0D8DE63242C508900D1488D /* JishoTests */,
				D0D8DE6E242C508900D1488D /* JishoUITests */,
				D0D8DE4B242C508700D1488D /* Products */,
				D0C292AB242D94C10016A297 /* Frameworks */,
			);
			sourceTree = "<group>";
		};
		D0D8DE4B242C508700D1488D /* Products */ = {
			isa = PBXGroup;
			children = (
				D0D8DE4A242C508700D1488D /* Jisho.app */,
				D0D8DE60242C508900D1488D /* JishoTests.xctest */,
				D0D8DE6B242C508900D1488D /* JishoUITests.xctest */,
			);
			name = Products;
			sourceTree = "<group>";
		};
		D0D8DE4C242C508700D1488D /* Jisho */ = {
			isa = PBXGroup;
			children = (
				D0D8DE4D242C508700D1488D /* AppDelegate.swift */,
				D0D8DE4F242C508700D1488D /* SceneDelegate.swift */,
				D0D8DE51242C508700D1488D /* ContentView.swift */,
				D0D8DE53242C508800D1488D /* Assets.xcassets */,
				D0D8DE58242C508800D1488D /* LaunchScreen.storyboard */,
				D0D8DE5B242C508800D1488D /* Info.plist */,
				D0D8DE55242C508800D1488D /* Preview Content */,
			);
			path = Jisho;
			sourceTree = "<group>";
		};
		D0D8DE55242C508800D1488D /* Preview Content */ = {
			isa = PBXGroup;
			children = (
				D0D8DE56242C508800D1488D /* Preview Assets.xcassets */,
			);
			path = "Preview Content";
			sourceTree = "<group>";
		};
		D0D8DE63242C508900D1488D /* JishoTests */ = {
			isa = PBXGroup;
			children = (
				D0D8DE64242C508900D1488D /* JishoTests.swift */,
				D0D8DE66242C508900D1488D /* Info.plist */,
			);
			path = JishoTests;
			sourceTree = "<group>";
		};
		D0D8DE6E242C508900D1488D /* JishoUITests */ = {
			isa = PBXGroup;
			children = (
				D0D8DE6F242C508900D1488D /* JishoUITests.swift */,
				D0D8DE71242C508900D1488D /* Info.plist */,
			);
			path = JishoUITests;
			sourceTree = "<group>";
		};
/* End PBXGroup section */

/* Begin PBXNativeTarget section */
		D0D8DE49242C508700D1488D /* Jisho */ = {
			isa = PBXNativeTarget;
			buildConfigurationList = D0D8DE74242C508900D1488D /* Build configuration list for PBXNativeTarget "Jisho" */;
			buildPhases = (
				D0C292B0242D95970016A297 /* Pack common framework */,
				D0D8DE46242C508700D1488D /* Sources */,
				D0D8DE47242C508700D1488D /* Frameworks */,
				D0D8DE48242C508700D1488D /* Resources */,
				D0C292AF242D94C10016A297 /* Embed Frameworks */,
			);
			buildRules = (
			);
			dependencies = (
			);
			name = Jisho;
			productName = Jisho;
			productReference = D0D8DE4A242C508700D1488D /* Jisho.app */;
			productType = "com.apple.product-type.application";
		};
		D0D8DE5F242C508900D1488D /* JishoTests */ = {
			isa = PBXNativeTarget;
			buildConfigurationList = D0D8DE77242C508900D1488D /* Build configuration list for PBXNativeTarget "JishoTests" */;
			buildPhases = (
				D0D8DE5C242C508900D1488D /* Sources */,
				D0D8DE5D242C508900D1488D /* Frameworks */,
				D0D8DE5E242C508900D1488D /* Resources */,
			);
			buildRules = (
			);
			dependencies = (
				D0D8DE62242C508900D1488D /* PBXTargetDependency */,
			);
			name = JishoTests;
			productName = JishoTests;
			productReference = D0D8DE60242C508900D1488D /* JishoTests.xctest */;
			productType = "com.apple.product-type.bundle.unit-test";
		};
		D0D8DE6A242C508900D1488D /* JishoUITests */ = {
			isa = PBXNativeTarget;
			buildConfigurationList = D0D8DE7A242C508900D1488D /* Build configuration list for PBXNativeTarget "JishoUITests" */;
			buildPhases = (
				D0D8DE67242C508900D1488D /* Sources */,
				D0D8DE68242C508900D1488D /* Frameworks */,
				D0D8DE69242C508900D1488D /* Resources */,
			);
			buildRules = (
			);
			dependencies = (
				D0D8DE6D242C508900D1488D /* PBXTargetDependency */,
			);
			name = JishoUITests;
			productName = JishoUITests;
			productReference = D0D8DE6B242C508900D1488D /* JishoUITests.xctest */;
			productType = "com.apple.product-type.bundle.ui-testing";
		};
/* End PBXNativeTarget section */

/* Begin PBXProject section */
		D0D8DE42242C508700D1488D /* Project object */ = {
			isa = PBXProject;
			attributes = {
				LastSwiftUpdateCheck = 1130;
				LastUpgradeCheck = 1130;
				ORGANIZATIONNAME = "Nathan Reline";
				TargetAttributes = {
					D0D8DE49242C508700D1488D = {
						CreatedOnToolsVersion = 11.3.1;
					};
					D0D8DE5F242C508900D1488D = {
						CreatedOnToolsVersion = 11.3.1;
						TestTargetID = D0D8DE49242C508700D1488D;
					};
					D0D8DE6A242C508900D1488D = {
						CreatedOnToolsVersion = 11.3.1;
						TestTargetID = D0D8DE49242C508700D1488D;
					};
				};
			};
			buildConfigurationList = D0D8DE45242C508700D1488D /* Build configuration list for PBXProject "Jisho" */;
			compatibilityVersion = "Xcode 9.3";
			developmentRegion = en;
			hasScannedForEncodings = 0;
			knownRegions = (
				en,
				Base,
			);
			mainGroup = D0D8DE41242C508700D1488D;
			productRefGroup = D0D8DE4B242C508700D1488D /* Products */;
			projectDirPath = "";
			projectRoot = "";
			targets = (
				D0D8DE49242C508700D1488D /* Jisho */,
				D0D8DE5F242C508900D1488D /* JishoTests */,
				D0D8DE6A242C508900D1488D /* JishoUITests */,
			);
		};
/* End PBXProject section */

/* Begin PBXResourcesBuildPhase section */
		D0D8DE48242C508700D1488D /* Resources */ = {
			isa = PBXResourcesBuildPhase;
			buildActionMask = 2147483647;
			files = (
				D0D8DE5A242C508800D1488D /* LaunchScreen.storyboard in Resources */,
				D0D8DE57242C508800D1488D /* Preview Assets.xcassets in Resources */,
				D0D8DE54242C508800D1488D /* Assets.xcassets in Resources */,
			);
			runOnlyForDeploymentPostprocessing = 0;
		};
		D0D8DE5E242C508900D1488D /* Resources */ = {
			isa = PBXResourcesBuildPhase;
			buildActionMask = 2147483647;
			files = (
			);
			runOnlyForDeploymentPostprocessing = 0;
		};
		D0D8DE69242C508900D1488D /* Resources */ = {
			isa = PBXResourcesBuildPhase;
			buildActionMask = 2147483647;
			files = (
			);
			runOnlyForDeploymentPostprocessing = 0;
		};
/* End PBXResourcesBuildPhase section */

/* Begin PBXShellScriptBuildPhase section */
		D0C292B0242D95970016A297 /* Pack common framework */ = {
			isa = PBXShellScriptBuildPhase;
			buildActionMask = 2147483647;
			files = (
			);
			inputFileListPaths = (
			);
			inputPaths = (
			);
			name = "Pack common framework";
			outputFileListPaths = (
			);
			outputPaths = (
			);
			runOnlyForDeploymentPostprocessing = 0;
			shellPath = /bin/sh;
			shellScript = "cd \"$SRCROOT/..\"\npwd\n./gradlew :common:packForXCode -PXCODE_CONFIGURATION=${CONFIGURATION}\n";
		};
/* End PBXShellScriptBuildPhase section */

/* Begin PBXSourcesBuildPhase section */
		D0D8DE46242C508700D1488D /* Sources */ = {
			isa = PBXSourcesBuildPhase;
			buildActionMask = 2147483647;
			files = (
				D0D8DE4E242C508700D1488D /* AppDelegate.swift in Sources */,
				D0D8DE50242C508700D1488D /* SceneDelegate.swift in Sources */,
				D0D8DE52242C508700D1488D /* ContentView.swift in Sources */,
			);
			runOnlyForDeploymentPostprocessing = 0;
		};
		D0D8DE5C242C508900D1488D /* Sources */ = {
			isa = PBXSourcesBuildPhase;
			buildActionMask = 2147483647;
			files = (
				D0D8DE65242C508900D1488D /* JishoTests.swift in Sources */,
			);
			runOnlyForDeploymentPostprocessing = 0;
		};
		D0D8DE67242C508900D1488D /* Sources */ = {
			isa = PBXSourcesBuildPhase;
			buildActionMask = 2147483647;
			files = (
				D0D8DE70242C508900D1488D /* JishoUITests.swift in Sources */,
			);
			runOnlyForDeploymentPostprocessing = 0;
		};
/* End PBXSourcesBuildPhase section */

/* Begin PBXTargetDependency section */
		D0D8DE62242C508900D1488D /* PBXTargetDependency */ = {
			isa = PBXTargetDependency;
			target = D0D8DE49242C508700D1488D /* Jisho */;
			targetProxy = D0D8DE61242C508900D1488D /* PBXContainerItemProxy */;
		};
		D0D8DE6D242C508900D1488D /* PBXTargetDependency */ = {
			isa = PBXTargetDependency;
			target = D0D8DE49242C508700D1488D /* Jisho */;
			targetProxy = D0D8DE6C242C508900D1488D /* PBXContainerItemProxy */;
		};
/* End PBXTargetDependency section */

/* Begin PBXVariantGroup section */
		D0D8DE58242C508800D1488D /* LaunchScreen.storyboard */ = {
			isa = PBXVariantGroup;
			children = (
				D0D8DE59242C508800D1488D /* Base */,
			);
			name = LaunchScreen.storyboard;
			sourceTree = "<group>";
		};
/* End PBXVariantGroup section */

/* Begin XCBuildConfiguration section */
		D0D8DE72242C508900D1488D /* Debug */ = {
			isa = XCBuildConfiguration;
			buildSettings = {
				ALWAYS_SEARCH_USER_PATHS = NO;
				CLANG_ANALYZER_NONNULL = YES;
				CLANG_ANALYZER_NUMBER_OBJECT_CONVERSION = YES_AGGRESSIVE;
				CLANG_CXX_LANGUAGE_STANDARD = "gnu++14";
				CLANG_CXX_LIBRARY = "libc++";
				CLANG_ENABLE_MODULES = YES;
				CLANG_ENABLE_OBJC_ARC = YES;
				CLANG_ENABLE_OBJC_WEAK = YES;
				CLANG_WARN_BLOCK_CAPTURE_AUTORELEASING = YES;
				CLANG_WARN_BOOL_CONVERSION = YES;
				CLANG_WARN_COMMA = YES;
				CLANG_WARN_CONSTANT_CONVERSION = YES;
				CLANG_WARN_DEPRECATED_OBJC_IMPLEMENTATIONS = YES;
				CLANG_WARN_DIRECT_OBJC_ISA_USAGE = YES_ERROR;
				CLANG_WARN_DOCUMENTATION_COMMENTS = YES;
				CLANG_WARN_EMPTY_BODY = YES;
				CLANG_WARN_ENUM_CONVERSION = YES;
				CLANG_WARN_INFINITE_RECURSION = YES;
				CLANG_WARN_INT_CONVERSION = YES;
				CLANG_WARN_NON_LITERAL_NULL_CONVERSION = YES;
				CLANG_WARN_OBJC_IMPLICIT_RETAIN_SELF = YES;
				CLANG_WARN_OBJC_LITERAL_CONVERSION = YES;
				CLANG_WARN_OBJC_ROOT_CLASS = YES_ERROR;
				CLANG_WARN_RANGE_LOOP_ANALYSIS = YES;
				CLANG_WARN_STRICT_PROTOTYPES = YES;
				CLANG_WARN_SUSPICIOUS_MOVE = YES;
				CLANG_WARN_UNGUARDED_AVAILABILITY = YES_AGGRESSIVE;
				CLANG_WARN_UNREACHABLE_CODE = YES;
				CLANG_WARN__DUPLICATE_METHOD_MATCH = YES;
				COPY_PHASE_STRIP = NO;
				DEBUG_INFORMATION_FORMAT = dwarf;
				ENABLE_STRICT_OBJC_MSGSEND = YES;
				ENABLE_TESTABILITY = YES;
				GCC_C_LANGUAGE_STANDARD = gnu11;
				GCC_DYNAMIC_NO_PIC = NO;
				GCC_NO_COMMON_BLOCKS = YES;
				GCC_OPTIMIZATION_LEVEL = 0;
				GCC_PREPROCESSOR_DEFINITIONS = (
					"DEBUG=1",
					"$(inherited)",
				);
				GCC_WARN_64_TO_32_BIT_CONVERSION = YES;
				GCC_WARN_ABOUT_RETURN_TYPE = YES_ERROR;
				GCC_WARN_UNDECLARED_SELECTOR = YES;
				GCC_WARN_UNINITIALIZED_AUTOS = YES_AGGRESSIVE;
				GCC_WARN_UNUSED_FUNCTION = YES;
				GCC_WARN_UNUSED_VARIABLE = YES;
				IPHONEOS_DEPLOYMENT_TARGET = 13.2;
				MTL_ENABLE_DEBUG_INFO = INCLUDE_SOURCE;
				MTL_FAST_MATH = YES;
				ONLY_ACTIVE_ARCH = YES;
				SDKROOT = iphoneos;
				SWIFT_ACTIVE_COMPILATION_CONDITIONS = DEBUG;
				SWIFT_OPTIMIZATION_LEVEL = "-Onone";
			};
			name = Debug;
		};
		D0D8DE73242C508900D1488D /* Release */ = {
			isa = XCBuildConfiguration;
			buildSettings = {
				ALWAYS_SEARCH_USER_PATHS = NO;
				CLANG_ANALYZER_NONNULL = YES;
				CLANG_ANALYZER_NUMBER_OBJECT_CONVERSION = YES_AGGRESSIVE;
				CLANG_CXX_LANGUAGE_STANDARD = "gnu++14";
				CLANG_CXX_LIBRARY = "libc++";
				CLANG_ENABLE_MODULES = YES;
				CLANG_ENABLE_OBJC_ARC = YES;
				CLANG_ENABLE_OBJC_WEAK = YES;
				CLANG_WARN_BLOCK_CAPTURE_AUTORELEASING = YES;
				CLANG_WARN_BOOL_CONVERSION = YES;
				CLANG_WARN_COMMA = YES;
				CLANG_WARN_CONSTANT_CONVERSION = YES;
				CLANG_WARN_DEPRECATED_OBJC_IMPLEMENTATIONS = YES;
				CLANG_WARN_DIRECT_OBJC_ISA_USAGE = YES_ERROR;
				CLANG_WARN_DOCUMENTATION_COMMENTS = YES;
				CLANG_WARN_EMPTY_BODY = YES;
				CLANG_WARN_ENUM_CONVERSION = YES;
				CLANG_WARN_INFINITE_RECURSION = YES;
				CLANG_WARN_INT_CONVERSION = YES;
				CLANG_WARN_NON_LITERAL_NULL_CONVERSION = YES;
				CLANG_WARN_OBJC_IMPLICIT_RETAIN_SELF = YES;
				CLANG_WARN_OBJC_LITERAL_CONVERSION = YES;
				CLANG_WARN_OBJC_ROOT_CLASS = YES_ERROR;
				CLANG_WARN_RANGE_LOOP_ANALYSIS = YES;
				CLANG_WARN_STRICT_PROTOTYPES = YES;
				CLANG_WARN_SUSPICIOUS_MOVE = YES;
				CLANG_WARN_UNGUARDED_AVAILABILITY = YES_AGGRESSIVE;
				CLANG_WARN_UNREACHABLE_CODE = YES;
				CLANG_WARN__DUPLICATE_METHOD_MATCH = YES;
				COPY_PHASE_STRIP = NO;
				DEBUG_INFORMATION_FORMAT = "dwarf-with-dsym";
				ENABLE_NS_ASSERTIONS = NO;
				ENABLE_STRICT_OBJC_MSGSEND = YES;
				GCC_C_LANGUAGE_STANDARD = gnu11;
				GCC_NO_COMMON_BLOCKS = YES;
				GCC_WARN_64_TO_32_BIT_CONVERSION = YES;
				GCC_WARN_ABOUT_RETURN_TYPE = YES_ERROR;
				GCC_WARN_UNDECLARED_SELECTOR = YES;
				GCC_WARN_UNINITIALIZED_AUTOS = YES_AGGRESSIVE;
				GCC_WARN_UNUSED_FUNCTION = YES;
				GCC_WARN_UNUSED_VARIABLE = YES;
				IPHONEOS_DEPLOYMENT_TARGET = 13.2;
				MTL_ENABLE_DEBUG_INFO = NO;
				MTL_FAST_MATH = YES;
				SDKROOT = iphoneos;
				SWIFT_COMPILATION_MODE = wholemodule;
				SWIFT_OPTIMIZATION_LEVEL = "-O";
				VALIDATE_PRODUCT = YES;
			};
			name = Release;
		};
		D0D8DE75242C508900D1488D /* Debug */ = {
			isa = XCBuildConfiguration;
			buildSettings = {
				ASSETCATALOG_COMPILER_APPICON_NAME = AppIcon;
				CODE_SIGN_STYLE = Automatic;
				DEVELOPMENT_ASSET_PATHS = "\"Jisho/Preview Content\"";
				ENABLE_PREVIEWS = YES;
				FRAMEWORK_SEARCH_PATHS = "$(SRCROOT)/../common/build/xcode-frameworks";
				INFOPLIST_FILE = Jisho/Info.plist;
				LD_RUNPATH_SEARCH_PATHS = (
					"$(inherited)",
					"@executable_path/Frameworks",
				);
				PRODUCT_BUNDLE_IDENTIFIER = com.github.reline.Jisho;
				PRODUCT_NAME = "$(TARGET_NAME)";
				SWIFT_VERSION = 5.0;
				TARGETED_DEVICE_FAMILY = "1,2";
			};
			name = Debug;
		};
		D0D8DE76242C508900D1488D /* Release */ = {
			isa = XCBuildConfiguration;
			buildSettings = {
				ASSETCATALOG_COMPILER_APPICON_NAME = AppIcon;
				CODE_SIGN_STYLE = Automatic;
				DEVELOPMENT_ASSET_PATHS = "\"Jisho/Preview Content\"";
				ENABLE_PREVIEWS = YES;
				FRAMEWORK_SEARCH_PATHS = "$(SRCROOT)/../common/build/xcode-frameworks";
				INFOPLIST_FILE = Jisho/Info.plist;
				LD_RUNPATH_SEARCH_PATHS = (
					"$(inherited)",
					"@executable_path/Frameworks",
				);
				PRODUCT_BUNDLE_IDENTIFIER = com.github.reline.Jisho;
				PRODUCT_NAME = "$(TARGET_NAME)";
				SWIFT_VERSION = 5.0;
				TARGETED_DEVICE_FAMILY = "1,2";
			};
			name = Release;
		};
		D0D8DE78242C508900D1488D /* Debug */ = {
			isa = XCBuildConfiguration;
			buildSettings = {
				ALWAYS_EMBED_SWIFT_STANDARD_LIBRARIES = YES;
				BUNDLE_LOADER = "$(TEST_HOST)";
				CODE_SIGN_STYLE = Automatic;
				INFOPLIST_FILE = JishoTests/Info.plist;
				IPHONEOS_DEPLOYMENT_TARGET = 13.2;
				LD_RUNPATH_SEARCH_PATHS = (
					"$(inherited)",
					"@executable_path/Frameworks",
					"@loader_path/Frameworks",
				);
				PRODUCT_BUNDLE_IDENTIFIER = com.github.reline.JishoTests;
				PRODUCT_NAME = "$(TARGET_NAME)";
				SWIFT_VERSION = 5.0;
				TARGETED_DEVICE_FAMILY = "1,2";
				TEST_HOST = "$(BUILT_PRODUCTS_DIR)/Jisho.app/Jisho";
			};
			name = Debug;
		};
		D0D8DE79242C508900D1488D /* Release */ = {
			isa = XCBuildConfiguration;
			buildSettings = {
				ALWAYS_EMBED_SWIFT_STANDARD_LIBRARIES = YES;
				BUNDLE_LOADER = "$(TEST_HOST)";
				CODE_SIGN_STYLE = Automatic;
				INFOPLIST_FILE = JishoTests/Info.plist;
				IPHONEOS_DEPLOYMENT_TARGET = 13.2;
				LD_RUNPATH_SEARCH_PATHS = (
					"$(inherited)",
					"@executable_path/Frameworks",
					"@loader_path/Frameworks",
				);
				PRODUCT_BUNDLE_IDENTIFIER = com.github.reline.JishoTests;
				PRODUCT_NAME = "$(TARGET_NAME)";
				SWIFT_VERSION = 5.0;
				TARGETED_DEVICE_FAMILY = "1,2";
				TEST_HOST = "$(BUILT_PRODUCTS_DIR)/Jisho.app/Jisho";
			};
			name = Release;
		};
		D0D8DE7B242C508900D1488D /* Debug */ = {
			isa = XCBuildConfiguration;
			buildSettings = {
				ALWAYS_EMBED_SWIFT_STANDARD_LIBRARIES = YES;
				CODE_SIGN_STYLE = Automatic;
				INFOPLIST_FILE = JishoUITests/Info.plist;
				LD_RUNPATH_SEARCH_PATHS = (
					"$(inherited)",
					"@executable_path/Frameworks",
					"@loader_path/Frameworks",
				);
				PRODUCT_BUNDLE_IDENTIFIER = com.github.reline.JishoUITests;
				PRODUCT_NAME = "$(TARGET_NAME)";
				SWIFT_VERSION = 5.0;
				TARGETED_DEVICE_FAMILY = "1,2";
				TEST_TARGET_NAME = Jisho;
			};
			name = Debug;
		};
		D0D8DE7C242C508900D1488D /* Release */ = {
			isa = XCBuildConfiguration;
			buildSettings = {
				ALWAYS_EMBED_SWIFT_STANDARD_LIBRARIES = YES;
				CODE_SIGN_STYLE = Automatic;
				INFOPLIST_FILE = JishoUITests/Info.plist;
				LD_RUNPATH_SEARCH_PATHS = (
					"$(inherited)",
					"@executable_path/Frameworks",
					"@loader_path/Frameworks",
				);
				PRODUCT_BUNDLE_IDENTIFIER = com.github.reline.JishoUITests;
				PRODUCT_NAME = "$(TARGET_NAME)";
				SWIFT_VERSION = 5.0;
				TARGETED_DEVICE_FAMILY = "1,2";
				TEST_TARGET_NAME = Jisho;
			};
			name = Release;
		};
/* End XCBuildConfiguration section */

/* Begin XCConfigurationList section */
		D0D8DE45242C508700D1488D /* Build configuration list for PBXProject "Jisho" */ = {
			isa = XCConfigurationList;
			buildConfigurations = (
				D0D8DE72242C508900D1488D /* Debug */,
				D0D8DE73242C508900D1488D /* Release */,
			);
			defaultConfigurationIsVisible = 0;
			defaultConfigurationName = Release;
		};
		D0D8DE74242C508900D1488D /* Build configuration list for PBXNativeTarget "Jisho" */ = {
			isa = XCConfigurationList;
			buildConfigurations = (
				D0D8DE75242C508900D1488D /* Debug */,
				D0D8DE76242C508900D1488D /* Release */,
			);
			defaultConfigurationIsVisible = 0;
			defaultConfigurationName = Release;
		};
		D0D8DE77242C508900D1488D /* Build configuration list for PBXNativeTarget "JishoTests" */ = {
			isa = XCConfigurationList;
			buildConfigurations = (
				D0D8DE78242C508900D1488D /* Debug */,
				D0D8DE79242C508900D1488D /* Release */,
			);
			defaultConfigurationIsVisible = 0;
			defaultConfigurationName = Release;
		};
		D0D8DE7A242C508900D1488D /* Build configuration list for PBXNativeTarget "JishoUITests" */ = {
			isa = XCConfigurationList;
			buildConfigurations = (
				D0D8DE7B242C508900D1488D /* Debug */,
				D0D8DE7C242C508900D1488D /* Release */,
			);
			defaultConfigurationIsVisible = 0;
			defaultConfigurationName = Release;
		};
/* End XCConfigurationList section */
	};
	rootObject = D0D8DE42242C508700D1488D /* Project object */;
}
